
Microsoft Visual Studio Solution File, Format Version 12.00
# Visual Studio Version 17
VisualStudioVersion = 17.0.31903.59
MinimumVisualStudioVersion = 10.0.40219.1
Project("{2150E333-8FDC-42A3-9474-1A3956D46DE8}") = "src", "src", "{827E0CD3-B72D-47B6-A68D-7590B98EB39B}"
EndProject
Project("{FAE04EC0-301F-11D3-BF4B-00C04F79EFBC}") = "SmartCRM.WebAPI", "src\SmartCRM.WebAPI\SmartCRM.WebAPI.csproj", "{93D8DD61-6348-4C84-BEDA-7D5128CBBCEC}"
EndProject
Project("{FAE04EC0-301F-11D3-BF4B-00C04F79EFBC}") = "SmartCRM.Infrastructure", "src\SmartCRM.Infrastructure\SmartCRM.Infrastructure.csproj", "{7D219AB6-0DE2-4183-BFC1-C8D2437828C8}"
EndProject
Project("{FAE04EC0-301F-11D3-BF4B-00C04F79EFBC}") = "SmartCRM.Application", "src\SmartCRM.Application\SmartCRM.Application.csproj", "{6FEF9569-5AA9-43CF-A3D9-CC22AB2DFE29}"
EndProject
Project("{FAE04EC0-301F-11D3-BF4B-00C04F79EFBC}") = "SmartCRM.Domain", "src\SmartCRM.Domain\SmartCRM.Domain.csproj", "{D8EC9AAC-90D6-4E99-AC3A-B47847860287}"
EndProject
Project("{FAE04EC0-301F-11D3-BF4B-00C04F79EFBC}") = "SmartCRM.Shared", "src\SmartCRM.Shared\SmartCRM.Shared.csproj", "{580F5A2D-CB94-4010-B925-4512A37C06F9}"
EndProject
Project("{FAE04EC0-301F-11D3-BF4B-00C04F79EFBC}") = "SmartCRM.DataIngestion", "src\SmartCRM.DataIngestion\SmartCRM.DataIngestion.csproj", "{36EBC58C-A7F9-42DF-8204-BBB168F63B57}"
EndProject
Project("{2150E333-8FDC-42A3-9474-1A3956D46DE8}") = "tests", "tests", "{0AB3BF05-4346-4AA6-1389-037BE0695223}"
EndProject
Project("{FAE04EC0-301F-11D3-BF4B-00C04F79EFBC}") = "SmartCRM.UnitTests", "tests\SmartCRM.UnitTests\SmartCRM.UnitTests.csproj", "{970B893E-5EC9-42E2-BF6B-69AF1467E4A4}"
EndProject
Project("{FAE04EC0-301F-11D3-BF4B-00C04F79EFBC}") = "SmartCRM.LeadService", "src\SmartCRM.LeadService\SmartCRM.LeadService.csproj", "{00F1BB02-45EA-4F46-B7D3-E4C661F59B93}"
EndProject
Global
	GlobalSection(SolutionConfigurationPlatforms) = preSolution
		Debug|Any CPU = Debug|Any CPU
		Debug|x64 = Debug|x64
		Debug|x86 = Debug|x86
		Release|Any CPU = Release|Any CPU
		Release|x64 = Release|x64
		Release|x86 = Release|x86
	EndGlobalSection
	GlobalSection(ProjectConfigurationPlatforms) = postSolution
		{93D8DD61-6348-4C84-BEDA-7D5128CBBCEC}.Debug|Any CPU.ActiveCfg = Debug|Any CPU
		{93D8DD61-6348-4C84-BEDA-7D5128CBBCEC}.Debug|Any CPU.Build.0 = Debug|Any CPU
		{93D8DD61-6348-4C84-BEDA-7D5128CBBCEC}.Debug|x64.ActiveCfg = Debug|Any CPU
		{93D8DD61-6348-4C84-BEDA-7D5128CBBCEC}.Debug|x64.Build.0 = Debug|Any CPU
		{93D8DD61-6348-4C84-BEDA-7D5128CBBCEC}.Debug|x86.ActiveCfg = Debug|Any CPU
		{93D8DD61-6348-4C84-BEDA-7D5128CBBCEC}.Debug|x86.Build.0 = Debug|Any CPU
		{93D8DD61-6348-4C84-BEDA-7D5128CBBCEC}.Release|Any CPU.ActiveCfg = Release|Any CPU
		{93D8DD61-6348-4C84-BEDA-7D5128CBBCEC}.Release|Any CPU.Build.0 = Release|Any CPU
		{93D8DD61-6348-4C84-BEDA-7D5128CBBCEC}.Release|x64.ActiveCfg = Release|Any CPU
		{93D8DD61-6348-4C84-BEDA-7D5128CBBCEC}.Release|x64.Build.0 = Release|Any CPU
		{93D8DD61-6348-4C84-BEDA-7D5128CBBCEC}.Release|x86.ActiveCfg = Release|Any CPU
		{93D8DD61-6348-4C84-BEDA-7D5128CBBCEC}.Release|x86.Build.0 = Release|Any CPU
		{7D219AB6-0DE2-4183-BFC1-C8D2437828C8}.Debug|Any CPU.ActiveCfg = Debug|Any CPU
		{7D219AB6-0DE2-4183-BFC1-C8D2437828C8}.Debug|Any CPU.Build.0 = Debug|Any CPU
		{7D219AB6-0DE2-4183-BFC1-C8D2437828C8}.Debug|x64.ActiveCfg = Debug|Any CPU
		{7D219AB6-0DE2-4183-BFC1-C8D2437828C8}.Debug|x64.Build.0 = Debug|Any CPU
		{7D219AB6-0DE2-4183-BFC1-C8D2437828C8}.Debug|x86.ActiveCfg = Debug|Any CPU
		{7D219AB6-0DE2-4183-BFC1-C8D2437828C8}.Debug|x86.Build.0 = Debug|Any CPU
		{7D219AB6-0DE2-4183-BFC1-C8D2437828C8}.Release|Any CPU.ActiveCfg = Release|Any CPU
		{7D219AB6-0DE2-4183-BFC1-C8D2437828C8}.Release|Any CPU.Build.0 = Release|Any CPU
		{7D219AB6-0DE2-4183-BFC1-C8D2437828C8}.Release|x64.ActiveCfg = Release|Any CPU
		{7D219AB6-0DE2-4183-BFC1-C8D2437828C8}.Release|x64.Build.0 = Release|Any CPU
		{7D219AB6-0DE2-4183-BFC1-C8D2437828C8}.Release|x86.ActiveCfg = Release|Any CPU
		{7D219AB6-0DE2-4183-BFC1-C8D2437828C8}.Release|x86.Build.0 = Release|Any CPU
		{6FEF9569-5AA9-43CF-A3D9-CC22AB2DFE29}.Debug|Any CPU.ActiveCfg = Debug|Any CPU
		{6FEF9569-5AA9-43CF-A3D9-CC22AB2DFE29}.Debug|Any CPU.Build.0 = Debug|Any CPU
		{6FEF9569-5AA9-43CF-A3D9-CC22AB2DFE29}.Debug|x64.ActiveCfg = Debug|Any CPU
		{6FEF9569-5AA9-43CF-A3D9-CC22AB2DFE29}.Debug|x64.Build.0 = Debug|Any CPU
		{6FEF9569-5AA9-43CF-A3D9-CC22AB2DFE29}.Debug|x86.ActiveCfg = Debug|Any CPU
		{6FEF9569-5AA9-43CF-A3D9-CC22AB2DFE29}.Debug|x86.Build.0 = Debug|Any CPU
		{6FEF9569-5AA9-43CF-A3D9-CC22AB2DFE29}.Release|Any CPU.ActiveCfg = Release|Any CPU
		{6FEF9569-5AA9-43CF-A3D9-CC22AB2DFE29}.Release|Any CPU.Build.0 = Release|Any CPU
		{6FEF9569-5AA9-43CF-A3D9-CC22AB2DFE29}.Release|x64.ActiveCfg = Release|Any CPU
		{6FEF9569-5AA9-43CF-A3D9-CC22AB2DFE29}.Release|x64.Build.0 = Release|Any CPU
		{6FEF9569-5AA9-43CF-A3D9-CC22AB2DFE29}.Release|x86.ActiveCfg = Release|Any CPU
		{6FEF9569-5AA9-43CF-A3D9-CC22AB2DFE29}.Release|x86.Build.0 = Release|Any CPU
		{D8EC9AAC-90D6-4E99-AC3A-B47847860287}.Debug|Any CPU.ActiveCfg = Debug|Any CPU
		{D8EC9AAC-90D6-4E99-AC3A-B47847860287}.Debug|Any CPU.Build.0 = Debug|Any CPU
		{D8EC9AAC-90D6-4E99-AC3A-B47847860287}.Debug|x64.ActiveCfg = Debug|Any CPU
		{D8EC9AAC-90D6-4E99-AC3A-B47847860287}.Debug|x64.Build.0 = Debug|Any CPU
		{D8EC9AAC-90D6-4E99-AC3A-B47847860287}.Debug|x86.ActiveCfg = Debug|Any CPU
		{D8EC9AAC-90D6-4E99-AC3A-B47847860287}.Debug|x86.Build.0 = Debug|Any CPU
		{D8EC9AAC-90D6-4E99-AC3A-B47847860287}.Release|Any CPU.ActiveCfg = Release|Any CPU
		{D8EC9AAC-90D6-4E99-AC3A-B47847860287}.Release|Any CPU.Build.0 = Release|Any CPU
		{D8EC9AAC-90D6-4E99-AC3A-B47847860287}.Release|x64.ActiveCfg = Release|Any CPU
		{D8EC9AAC-90D6-4E99-AC3A-B47847860287}.Release|x64.Build.0 = Release|Any CPU
		{D8EC9AAC-90D6-4E99-AC3A-B47847860287}.Release|x86.ActiveCfg = Release|Any CPU
		{D8EC9AAC-90D6-4E99-AC3A-B47847860287}.Release|x86.Build.0 = Release|Any CPU
		{580F5A2D-CB94-4010-B925-4512A37C06F9}.Debug|Any CPU.ActiveCfg = Debug|Any CPU
		{580F5A2D-CB94-4010-B925-4512A37C06F9}.Debug|Any CPU.Build.0 = Debug|Any CPU
		{580F5A2D-CB94-4010-B925-4512A37C06F9}.Debug|x64.ActiveCfg = Debug|Any CPU
		{580F5A2D-CB94-4010-B925-4512A37C06F9}.Debug|x64.Build.0 = Debug|Any CPU
		{580F5A2D-CB94-4010-B925-4512A37C06F9}.Debug|x86.ActiveCfg = Debug|Any CPU
		{580F5A2D-CB94-4010-B925-4512A37C06F9}.Debug|x86.Build.0 = Debug|Any CPU
		{580F5A2D-CB94-4010-B925-4512A37C06F9}.Release|Any CPU.ActiveCfg = Release|Any CPU
		{580F5A2D-CB94-4010-B925-4512A37C06F9}.Release|Any CPU.Build.0 = Release|Any CPU
		{580F5A2D-CB94-4010-B925-4512A37C06F9}.Release|x64.ActiveCfg = Release|Any CPU
		{580F5A2D-CB94-4010-B925-4512A37C06F9}.Release|x64.Build.0 = Release|Any CPU
		{580F5A2D-CB94-4010-B925-4512A37C06F9}.Release|x86.ActiveCfg = Release|Any CPU
		{580F5A2D-CB94-4010-B925-4512A37C06F9}.Release|x86.Build.0 = Release|Any CPU
		{36EBC58C-A7F9-42DF-8204-BBB168F63B57}.Debug|Any CPU.ActiveCfg = Debug|Any CPU
		{36EBC58C-A7F9-42DF-8204-BBB168F63B57}.Debug|Any CPU.Build.0 = Debug|Any CPU
		{36EBC58C-A7F9-42DF-8204-BBB168F63B57}.Debug|x64.ActiveCfg = Debug|Any CPU
		{36EBC58C-A7F9-42DF-8204-BBB168F63B57}.Debug|x64.Build.0 = Debug|Any CPU
		{36EBC58C-A7F9-42DF-8204-BBB168F63B57}.Debug|x86.ActiveCfg = Debug|Any CPU
		{36EBC58C-A7F9-42DF-8204-BBB168F63B57}.Debug|x86.Build.0 = Debug|Any CPU
		{36EBC58C-A7F9-42DF-8204-BBB168F63B57}.Release|Any CPU.ActiveCfg = Release|Any CPU
		{36EBC58C-A7F9-42DF-8204-BBB168F63B57}.Release|Any CPU.Build.0 = Release|Any CPU
		{36EBC58C-A7F9-42DF-8204-BBB168F63B57}.Release|x64.ActiveCfg = Release|Any CPU
		{36EBC58C-A7F9-42DF-8204-BBB168F63B57}.Release|x64.Build.0 = Release|Any CPU
		{36EBC58C-A7F9-42DF-8204-BBB168F63B57}.Release|x86.ActiveCfg = Release|Any CPU
		{36EBC58C-A7F9-42DF-8204-BBB168F63B57}.Release|x86.Build.0 = Release|Any CPU
		{970B893E-5EC9-42E2-BF6B-69AF1467E4A4}.Debug|Any CPU.ActiveCfg = Debug|Any CPU
		{970B893E-5EC9-42E2-BF6B-69AF1467E4A4}.Debug|Any CPU.Build.0 = Debug|Any CPU
		{970B893E-5EC9-42E2-BF6B-69AF1467E4A4}.Debug|x64.ActiveCfg = Debug|Any CPU
		{970B893E-5EC9-42E2-BF6B-69AF1467E4A4}.Debug|x64.Build.0 = Debug|Any CPU
		{970B893E-5EC9-42E2-BF6B-69AF1467E4A4}.Debug|x86.ActiveCfg = Debug|Any CPU
		{970B893E-5EC9-42E2-BF6B-69AF1467E4A4}.Debug|x86.Build.0 = Debug|Any CPU
		{970B893E-5EC9-42E2-BF6B-69AF1467E4A4}.Release|Any CPU.ActiveCfg = Release|Any CPU
		{970B893E-5EC9-42E2-BF6B-69AF1467E4A4}.Release|Any CPU.Build.0 = Release|Any CPU
		{970B893E-5EC9-42E2-BF6B-69AF1467E4A4}.Release|x64.ActiveCfg = Release|Any CPU
		{970B893E-5EC9-42E2-BF6B-69AF1467E4A4}.Release|x64.Build.0 = Release|Any CPU
		{970B893E-5EC9-42E2-BF6B-69AF1467E4A4}.Release|x86.ActiveCfg = Release|Any CPU
		{970B893E-5EC9-42E2-BF6B-69AF1467E4A4}.Release|x86.Build.0 = Release|Any CPU
		{00F1BB02-45EA-4F46-B7D3-E4C661F59B93}.Debug|Any CPU.ActiveCfg = Debug|Any CPU
		{00F1BB02-45EA-4F46-B7D3-E4C661F59B93}.Debug|Any CPU.Build.0 = Debug|Any CPU
		{00F1BB02-45EA-4F46-B7D3-E4C661F59B93}.Debug|x64.ActiveCfg = Debug|Any CPU
		{00F1BB02-45EA-4F46-B7D3-E4C661F59B93}.Debug|x64.Build.0 = Debug|Any CPU
		{00F1BB02-45EA-4F46-B7D3-E4C661F59B93}.Debug|x86.ActiveCfg = Debug|Any CPU
		{00F1BB02-45EA-4F46-B7D3-E4C661F59B93}.Debug|x86.Build.0 = Debug|Any CPU
		{00F1BB02-45EA-4F46-B7D3-E4C661F59B93}.Release|Any CPU.ActiveCfg = Release|Any CPU
		{00F1BB02-45EA-4F46-B7D3-E4C661F59B93}.Release|Any CPU.Build.0 = Release|Any CPU
		{00F1BB02-45EA-4F46-B7D3-E4C661F59B93}.Release|x64.ActiveCfg = Release|Any CPU
		{00F1BB02-45EA-4F46-B7D3-E4C661F59B93}.Release|x64.Build.0 = Release|Any CPU
		{00F1BB02-45EA-4F46-B7D3-E4C661F59B93}.Release|x86.ActiveCfg = Release|Any CPU
		{00F1BB02-45EA-4F46-B7D3-E4C661F59B93}.Release|x86.Build.0 = Release|Any CPU
	EndGlobalSection
	GlobalSection(SolutionProperties) = preSolution
		HideSolutionNode = FALSE
	EndGlobalSection
	GlobalSection(NestedProjects) = preSolution
		{93D8DD61-6348-4C84-BEDA-7D5128CBBCEC} = {827E0CD3-B72D-47B6-A68D-7590B98EB39B}
		{7D219AB6-0DE2-4183-BFC1-C8D2437828C8} = {827E0CD3-B72D-47B6-A68D-7590B98EB39B}
		{6FEF9569-5AA9-43CF-A3D9-CC22AB2DFE29} = {827E0CD3-B72D-47B6-A68D-7590B98EB39B}
		{D8EC9AAC-90D6-4E99-AC3A-B47847860287} = {827E0CD3-B72D-47B6-A68D-7590B98EB39B}
		{580F5A2D-CB94-4010-B925-4512A37C06F9} = {827E0CD3-B72D-47B6-A68D-7590B98EB39B}
		{36EBC58C-A7F9-42DF-8204-BBB168F63B57} = {827E0CD3-B72D-47B6-A68D-7590B98EB39B}
		{970B893E-5EC9-42E2-BF6B-69AF1467E4A4} = {0AB3BF05-4346-4AA6-1389-037BE0695223}
		{00F1BB02-45EA-4F46-B7D3-E4C661F59B93} = {827E0CD3-B72D-47B6-A68D-7590B98EB39B}
	EndGlobalSection
EndGlobal
